
Microsoft Visual Studio Solution File, Format Version 12.00
# Visual Studio 15
VisualStudioVersion = 15.0.27428.1
MinimumVisualStudioVersion = 10.0.40219.1
Project("{FAE04EC0-301F-11D3-BF4B-00C04F79EFBC}") = "GameTest3Sheez", "GameTest3Sheez\GameTest3Sheez.csproj", "{9901E2CD-F858-4E22-BAD6-9F9720B979CA}"
EndProject
Global
	GlobalSection(SolutionConfigurationPlatforms) = preSolution
		Debug|Any CPU = Debug|Any CPU
		Release|Any CPU = Release|Any CPU
	EndGlobalSection
	GlobalSection(ProjectConfigurationPlatforms) = postSolution
		{9901E2CD-F858-4E22-BAD6-9F9720B979CA}.Debug|Any CPU.ActiveCfg = Debug|Any CPU
		{9901E2CD-F858-4E22-BAD6-9F9720B979CA}.Debug|Any CPU.Build.0 = Debug|Any CPU
		{9901E2CD-F858-4E22-BAD6-9F9720B979CA}.Release|Any CPU.ActiveCfg = Release|Any CPU
		{9901E2CD-F858-4E22-BAD6-9F9720B979CA}.Release|Any CPU.Build.0 = Release|Any CPU
	EndGlobalSection
	GlobalSection(SolutionProperties) = preSolution
		HideSolutionNode = FALSE
	EndGlobalSection
	GlobalSection(ExtensibilityGlobals) = postSolution
		SolutionGuid = {9612D069-51EB-4B21-AB62-FCD91A8860B7}
	EndGlobalSection
EndGlobal
